<Solution>
  <Folder Name="/src/">
    <Project Path="src/Contracts/Contracts.csproj" />
    <Project Path="src/GatewayService/GatewayService.csproj" />
    <Project Path="src/IdentityService/IdentityService.csproj" />
    <Project Path="src/PostService/PostService.csproj" />
    <Project Path="src/SearchService/SearchService.csproj" />
  </Folder>
</Solution>
